
Microsoft Visual Studio Solution File, Format Version 12.00
# Visual Studio Version 17
VisualStudioVersion = 17.5.33424.131
MinimumVisualStudioVersion = 10.0.40219.1
Project("{9A19103F-16F7-4668-BE54-9A1E7A4F7556}") = "ConsultCep.Domain", "ConsultCep.Domain\ConsultCep.Domain.csproj", "{3234DB60-1D22-4092-8F92-AC1DD84F284C}"
EndProject
Project("{9A19103F-16F7-4668-BE54-9A1E7A4F7556}") = "ConsultCep.API", "ConsultCep.API\ConsultCep.API.csproj", "{4AC5114C-0253-45A4-960F-EDB76F818BCC}"
EndProject
Project("{FAE04EC0-301F-11D3-BF4B-00C04F79EFBC}") = "ConsultCep.Tests", "ConsultCep.Tests\ConsultCep.Tests\ConsultCep.Tests.csproj", "{E7CE7219-727D-4CE7-A47F-FD91064329D1}"
EndProject
Global
	GlobalSection(SolutionConfigurationPlatforms) = preSolution
		Debug|Any CPU = Debug|Any CPU
		Release|Any CPU = Release|Any CPU
	EndGlobalSection
	GlobalSection(ProjectConfigurationPlatforms) = postSolution
		{3234DB60-1D22-4092-8F92-AC1DD84F284C}.Debug|Any CPU.ActiveCfg = Debug|Any CPU
		{3234DB60-1D22-4092-8F92-AC1DD84F284C}.Debug|Any CPU.Build.0 = Debug|Any CPU
		{3234DB60-1D22-4092-8F92-AC1DD84F284C}.Release|Any CPU.ActiveCfg = Release|Any CPU
		{3234DB60-1D22-4092-8F92-AC1DD84F284C}.Release|Any CPU.Build.0 = Release|Any CPU
		{4AC5114C-0253-45A4-960F-EDB76F818BCC}.Debug|Any CPU.ActiveCfg = Debug|Any CPU
		{4AC5114C-0253-45A4-960F-EDB76F818BCC}.Debug|Any CPU.Build.0 = Debug|Any CPU
		{4AC5114C-0253-45A4-960F-EDB76F818BCC}.Release|Any CPU.ActiveCfg = Release|Any CPU
		{4AC5114C-0253-45A4-960F-EDB76F818BCC}.Release|Any CPU.Build.0 = Release|Any CPU
		{E7CE7219-727D-4CE7-A47F-FD91064329D1}.Debug|Any CPU.ActiveCfg = Debug|Any CPU
		{E7CE7219-727D-4CE7-A47F-FD91064329D1}.Debug|Any CPU.Build.0 = Debug|Any CPU
		{E7CE7219-727D-4CE7-A47F-FD91064329D1}.Release|Any CPU.ActiveCfg = Release|Any CPU
		{E7CE7219-727D-4CE7-A47F-FD91064329D1}.Release|Any CPU.Build.0 = Release|Any CPU
	EndGlobalSection
	GlobalSection(SolutionProperties) = preSolution
		HideSolutionNode = FALSE
	EndGlobalSection
	GlobalSection(ExtensibilityGlobals) = postSolution
		SolutionGuid = {BBD3E2A6-ABC4-4F9A-AB51-DF491770527D}
	EndGlobalSection
EndGlobal
